// !$*UTF8*$!
{
	archiveVersion = 1;
	classes = {
	};
	objectVersion = 50;
	objects = {

/* Begin PBXBuildFile section */
		EB8A1A4925FFB03A006DA8CE /* TheRestaurantApp.swift in Sources */ = {isa = PBXBuildFile; fileRef = EB8A1A4825FFB03A006DA8CE /* TheRestaurantApp.swift */; };
		EB8A1A4B25FFB03A006DA8CE /* ContentView.swift in Sources */ = {isa = PBXBuildFile; fileRef = EB8A1A4A25FFB03A006DA8CE /* ContentView.swift */; };
		EB8A1A4D25FFB03B006DA8CE /* Assets.xcassets in Resources */ = {isa = PBXBuildFile; fileRef = EB8A1A4C25FFB03B006DA8CE /* Assets.xcassets */; };
		EB8A1A5025FFB03B006DA8CE /* Preview Assets.xcassets in Resources */ = {isa = PBXBuildFile; fileRef = EB8A1A4F25FFB03B006DA8CE /* Preview Assets.xcassets */; };
		EB8A1A5925FFB0BB006DA8CE /* menu.json in Resources */ = {isa = PBXBuildFile; fileRef = EB8A1A5825FFB0BB006DA8CE /* menu.json */; };
		EB8A1A5F25FFB0CC006DA8CE /* Order.swift in Sources */ = {isa = PBXBuildFile; fileRef = EB8A1A5E25FFB0CC006DA8CE /* Order.swift */; };
		EB8A1A6325FFC9E1006DA8CE /* Helper.swift in Sources */ = {isa = PBXBuildFile; fileRef = EB8A1A6225FFC9E1006DA8CE /* Helper.swift */; };
		EB8A1A662600194C006DA8CE /* Menu.swift in Sources */ = {isa = PBXBuildFile; fileRef = EB8A1A652600194C006DA8CE /* Menu.swift */; };
		EB8A1A6926001FC5006DA8CE /* ItemRow.swift in Sources */ = {isa = PBXBuildFile; fileRef = EB8A1A6826001FC5006DA8CE /* ItemRow.swift */; };
		EB8A1A6D26027D8A006DA8CE /* ItemDetails.swift in Sources */ = {isa = PBXBuildFile; fileRef = EB8A1A6C26027D8A006DA8CE /* ItemDetails.swift */; };
		EB8A1A7026038CCF006DA8CE /* OrderView.swift in Sources */ = {isa = PBXBuildFile; fileRef = EB8A1A6F26038CCF006DA8CE /* OrderView.swift */; };
		EB8A1A732603CE0F006DA8CE /* MainView.swift in Sources */ = {isa = PBXBuildFile; fileRef = EB8A1A722603CE0F006DA8CE /* MainView.swift */; };
		EB8A1A7C26041A09006DA8CE /* CheckoutView.swift in Sources */ = {isa = PBXBuildFile; fileRef = EB8A1A7B26041A09006DA8CE /* CheckoutView.swift */; };
/* End PBXBuildFile section */

/* Begin PBXFileReference section */
		EB8A1A4525FFB03A006DA8CE /* TheRestaurant.app */ = {isa = PBXFileReference; explicitFileType = wrapper.application; includeInIndex = 0; path = TheRestaurant.app; sourceTree = BUILT_PRODUCTS_DIR; };
		EB8A1A4825FFB03A006DA8CE /* TheRestaurantApp.swift */ = {isa = PBXFileReference; lastKnownFileType = sourcecode.swift; path = TheRestaurantApp.swift; sourceTree = "<group>"; };
		EB8A1A4A25FFB03A006DA8CE /* ContentView.swift */ = {isa = PBXFileReference; lastKnownFileType = sourcecode.swift; path = ContentView.swift; sourceTree = "<group>"; };
		EB8A1A4C25FFB03B006DA8CE /* Assets.xcassets */ = {isa = PBXFileReference; lastKnownFileType = folder.assetcatalog; path = Assets.xcassets; sourceTree = "<group>"; };
		EB8A1A4F25FFB03B006DA8CE /* Preview Assets.xcassets */ = {isa = PBXFileReference; lastKnownFileType = folder.assetcatalog; path = "Preview Assets.xcassets"; sourceTree = "<group>"; };
		EB8A1A5125FFB03B006DA8CE /* Info.plist */ = {isa = PBXFileReference; lastKnownFileType = text.plist.xml; path = Info.plist; sourceTree = "<group>"; };
		EB8A1A5825FFB0BB006DA8CE /* menu.json */ = {isa = PBXFileReference; fileEncoding = 4; lastKnownFileType = text.json; path = menu.json; sourceTree = "<group>"; };
		EB8A1A5E25FFB0CC006DA8CE /* Order.swift */ = {isa = PBXFileReference; fileEncoding = 4; lastKnownFileType = sourcecode.swift; path = Order.swift; sourceTree = "<group>"; };
		EB8A1A6225FFC9E1006DA8CE /* Helper.swift */ = {isa = PBXFileReference; fileEncoding = 4; lastKnownFileType = sourcecode.swift; path = Helper.swift; sourceTree = "<group>"; };
		EB8A1A652600194C006DA8CE /* Menu.swift */ = {isa = PBXFileReference; fileEncoding = 4; lastKnownFileType = sourcecode.swift; name = Menu.swift; path = "../../../Downloads/iDine-main/iDine/Menu.swift"; sourceTree = "<group>"; };
		EB8A1A6826001FC5006DA8CE /* ItemRow.swift */ = {isa = PBXFileReference; lastKnownFileType = sourcecode.swift; path = ItemRow.swift; sourceTree = "<group>"; };
		EB8A1A6C26027D8A006DA8CE /* ItemDetails.swift */ = {isa = PBXFileReference; lastKnownFileType = sourcecode.swift; path = ItemDetails.swift; sourceTree = "<group>"; };
		EB8A1A6F26038CCF006DA8CE /* OrderView.swift */ = {isa = PBXFileReference; lastKnownFileType = sourcecode.swift; path = OrderView.swift; sourceTree = "<group>"; };
		EB8A1A722603CE0F006DA8CE /* MainView.swift */ = {isa = PBXFileReference; lastKnownFileType = sourcecode.swift; path = MainView.swift; sourceTree = "<group>"; };
		EB8A1A7B26041A09006DA8CE /* CheckoutView.swift */ = {isa = PBXFileReference; lastKnownFileType = sourcecode.swift; path = CheckoutView.swift; sourceTree = "<group>"; };
/* End PBXFileReference section */

/* Begin PBXFrameworksBuildPhase section */
		EB8A1A4225FFB03A006DA8CE /* Frameworks */ = {
			isa = PBXFrameworksBuildPhase;
			buildActionMask = 2147483647;
			files = (
			);
			runOnlyForDeploymentPostprocessing = 0;
		};
/* End PBXFrameworksBuildPhase section */

/* Begin PBXGroup section */
		EB8A1A3C25FFB03A006DA8CE = {
			isa = PBXGroup;
			children = (
				EB8A1A4725FFB03A006DA8CE /* TheRestaurant */,
				EB8A1A4625FFB03A006DA8CE /* Products */,
			);
			sourceTree = "<group>";
		};
		EB8A1A4625FFB03A006DA8CE /* Products */ = {
			isa = PBXGroup;
			children = (
				EB8A1A4525FFB03A006DA8CE /* TheRestaurant.app */,
			);
			name = Products;
			sourceTree = "<group>";
		};
		EB8A1A4725FFB03A006DA8CE /* TheRestaurant */ = {
			isa = PBXGroup;
			children = (
				EB8A1A4825FFB03A006DA8CE /* TheRestaurantApp.swift */,
				EB8A1A7B26041A09006DA8CE /* CheckoutView.swift */,
				EB8A1A4A25FFB03A006DA8CE /* ContentView.swift */,
				EB8A1A6C26027D8A006DA8CE /* ItemDetails.swift */,
				EB8A1A6F26038CCF006DA8CE /* OrderView.swift */,
				EB8A1A722603CE0F006DA8CE /* MainView.swift */,
				EB8A1A6826001FC5006DA8CE /* ItemRow.swift */,
				EB8A1A6225FFC9E1006DA8CE /* Helper.swift */,
				EB8A1A5E25FFB0CC006DA8CE /* Order.swift */,
				EB8A1A652600194C006DA8CE /* Menu.swift */,
				EB8A1A4C25FFB03B006DA8CE /* Assets.xcassets */,
				EB8A1A5825FFB0BB006DA8CE /* menu.json */,
				EB8A1A5125FFB03B006DA8CE /* Info.plist */,
				EB8A1A4E25FFB03B006DA8CE /* Preview Content */,
			);
			path = TheRestaurant;
			sourceTree = "<group>";
		};
		EB8A1A4E25FFB03B006DA8CE /* Preview Content */ = {
			isa = PBXGroup;
			children = (
				EB8A1A4F25FFB03B006DA8CE /* Preview Assets.xcassets */,
			);
			path = "Preview Content";
			sourceTree = "<group>";
		};
/* End PBXGroup section */

/* Begin PBXNativeTarget section */
		EB8A1A4425FFB03A006DA8CE /* TheRestaurant */ = {
			isa = PBXNativeTarget;
			buildConfigurationList = EB8A1A5425FFB03B006DA8CE /* Build configuration list for PBXNativeTarget "TheRestaurant" */;
			buildPhases = (
				EB8A1A4125FFB03A006DA8CE /* Sources */,
				EB8A1A4225FFB03A006DA8CE /* Frameworks */,
				EB8A1A4325FFB03A006DA8CE /* Resources */,
			);
			buildRules = (
			);
			dependencies = (
			);
			name = TheRestaurant;
			productName = TheRestaurant;
			productReference = EB8A1A4525FFB03A006DA8CE /* TheRestaurant.app */;
			productType = "com.apple.product-type.application";
		};
/* End PBXNativeTarget section */

/* Begin PBXProject section */
		EB8A1A3D25FFB03A006DA8CE /* Project object */ = {
			isa = PBXProject;
			attributes = {
				LastSwiftUpdateCheck = 1240;
				LastUpgradeCheck = 1240;
				TargetAttributes = {
					EB8A1A4425FFB03A006DA8CE = {
						CreatedOnToolsVersion = 12.4;
					};
				};
			};
			buildConfigurationList = EB8A1A4025FFB03A006DA8CE /* Build configuration list for PBXProject "TheRestaurant" */;
			compatibilityVersion = "Xcode 9.3";
			developmentRegion = en;
			hasScannedForEncodings = 0;
			knownRegions = (
				en,
				Base,
			);
			mainGroup = EB8A1A3C25FFB03A006DA8CE;
			productRefGroup = EB8A1A4625FFB03A006DA8CE /* Products */;
			projectDirPath = "";
			projectRoot = "";
			targets = (
				EB8A1A4425FFB03A006DA8CE /* TheRestaurant */,
			);
		};
/* End PBXProject section */

/* Begin PBXResourcesBuildPhase section */
		EB8A1A4325FFB03A006DA8CE /* Resources */ = {
			isa = PBXResourcesBuildPhase;
			buildActionMask = 2147483647;
			files = (
				EB8A1A5925FFB0BB006DA8CE /* menu.json in Resources */,
				EB8A1A5025FFB03B006DA8CE /* Preview Assets.xcassets in Resources */,
				EB8A1A4D25FFB03B006DA8CE /* Assets.xcassets in Resources */,
			);
			runOnlyForDeploymentPostprocessing = 0;
		};
/* End PBXResourcesBuildPhase section */

/* Begin PBXSourcesBuildPhase section */
		EB8A1A4125FFB03A006DA8CE /* Sources */ = {
			isa = PBXSourcesBuildPhase;
			buildActionMask = 2147483647;
			files = (
				EB8A1A4B25FFB03A006DA8CE /* ContentView.swift in Sources */,
				EB8A1A732603CE0F006DA8CE /* MainView.swift in Sources */,
				EB8A1A7C26041A09006DA8CE /* CheckoutView.swift in Sources */,
				EB8A1A7026038CCF006DA8CE /* OrderView.swift in Sources */,
				EB8A1A5F25FFB0CC006DA8CE /* Order.swift in Sources */,
				EB8A1A4925FFB03A006DA8CE /* TheRestaurantApp.swift in Sources */,
				EB8A1A6926001FC5006DA8CE /* ItemRow.swift in Sources */,
				EB8A1A6D26027D8A006DA8CE /* ItemDetails.swift in Sources */,
				EB8A1A6325FFC9E1006DA8CE /* Helper.swift in Sources */,
				EB8A1A662600194C006DA8CE /* Menu.swift in Sources */,
			);
			runOnlyForDeploymentPostprocessing = 0;
		};
/* End PBXSourcesBuildPhase section */

/* Begin XCBuildConfiguration section */
		EB8A1A5225FFB03B006DA8CE /* Debug */ = {
			isa = XCBuildConfiguration;
			buildSettings = {
				ALWAYS_SEARCH_USER_PATHS = NO;
				CLANG_ANALYZER_NONNULL = YES;
				CLANG_ANALYZER_NUMBER_OBJECT_CONVERSION = YES_AGGRESSIVE;
				CLANG_CXX_LANGUAGE_STANDARD = "gnu++14";
				CLANG_CXX_LIBRARY = "libc++";
				CLANG_ENABLE_MODULES = YES;
				CLANG_ENABLE_OBJC_ARC = YES;
				CLANG_ENABLE_OBJC_WEAK = YES;
				CLANG_WARN_BLOCK_CAPTURE_AUTORELEASING = YES;
				CLANG_WARN_BOOL_CONVERSION = YES;
				CLANG_WARN_COMMA = YES;
				CLANG_WARN_CONSTANT_CONVERSION = YES;
				CLANG_WARN_DEPRECATED_OBJC_IMPLEMENTATIONS = YES;
				CLANG_WARN_DIRECT_OBJC_ISA_USAGE = YES_ERROR;
				CLANG_WARN_DOCUMENTATION_COMMENTS = YES;
				CLANG_WARN_EMPTY_BODY = YES;
				CLANG_WARN_ENUM_CONVERSION = YES;
				CLANG_WARN_INFINITE_RECURSION = YES;
				CLANG_WARN_INT_CONVERSION = YES;
				CLANG_WARN_NON_LITERAL_NULL_CONVERSION = YES;
				CLANG_WARN_OBJC_IMPLICIT_RETAIN_SELF = YES;
				CLANG_WARN_OBJC_LITERAL_CONVERSION = YES;
				CLANG_WARN_OBJC_ROOT_CLASS = YES_ERROR;
				CLANG_WARN_QUOTED_INCLUDE_IN_FRAMEWORK_HEADER = YES;
				CLANG_WARN_RANGE_LOOP_ANALYSIS = YES;
				CLANG_WARN_STRICT_PROTOTYPES = YES;
				CLANG_WARN_SUSPICIOUS_MOVE = YES;
				CLANG_WARN_UNGUARDED_AVAILABILITY = YES_AGGRESSIVE;
				CLANG_WARN_UNREACHABLE_CODE = YES;
				CLANG_WARN__DUPLICATE_METHOD_MATCH = YES;
				COPY_PHASE_STRIP = NO;
				DEBUG_INFORMATION_FORMAT = dwarf;
				ENABLE_STRICT_OBJC_MSGSEND = YES;
				ENABLE_TESTABILITY = YES;
				GCC_C_LANGUAGE_STANDARD = gnu11;
				GCC_DYNAMIC_NO_PIC = NO;
				GCC_NO_COMMON_BLOCKS = YES;
				GCC_OPTIMIZATION_LEVEL = 0;
				GCC_PREPROCESSOR_DEFINITIONS = (
					"DEBUG=1",
					"$(inherited)",
				);
				GCC_WARN_64_TO_32_BIT_CONVERSION = YES;
				GCC_WARN_ABOUT_RETURN_TYPE = YES_ERROR;
				GCC_WARN_UNDECLARED_SELECTOR = YES;
				GCC_WARN_UNINITIALIZED_AUTOS = YES_AGGRESSIVE;
				GCC_WARN_UNUSED_FUNCTION = YES;
				GCC_WARN_UNUSED_VARIABLE = YES;
				IPHONEOS_DEPLOYMENT_TARGET = 14.4;
				MTL_ENABLE_DEBUG_INFO = INCLUDE_SOURCE;
				MTL_FAST_MATH = YES;
				ONLY_ACTIVE_ARCH = YES;
				SDKROOT = iphoneos;
				SWIFT_ACTIVE_COMPILATION_CONDITIONS = DEBUG;
				SWIFT_OPTIMIZATION_LEVEL = "-Onone";
			};
			name = Debug;
		};
		EB8A1A5325FFB03B006DA8CE /* Release */ = {
			isa = XCBuildConfiguration;
			buildSettings = {
				ALWAYS_SEARCH_USER_PATHS = NO;
				CLANG_ANALYZER_NONNULL = YES;
				CLANG_ANALYZER_NUMBER_OBJECT_CONVERSION = YES_AGGRESSIVE;
				CLANG_CXX_LANGUAGE_STANDARD = "gnu++14";
				CLANG_CXX_LIBRARY = "libc++";
				CLANG_ENABLE_MODULES = YES;
				CLANG_ENABLE_OBJC_ARC = YES;
				CLANG_ENABLE_OBJC_WEAK = YES;
				CLANG_WARN_BLOCK_CAPTURE_AUTORELEASING = YES;
				CLANG_WARN_BOOL_CONVERSION = YES;
				CLANG_WARN_COMMA = YES;
				CLANG_WARN_CONSTANT_CONVERSION = YES;
				CLANG_WARN_DEPRECATED_OBJC_IMPLEMENTATIONS = YES;
				CLANG_WARN_DIRECT_OBJC_ISA_USAGE = YES_ERROR;
				CLANG_WARN_DOCUMENTATION_COMMENTS = YES;
				CLANG_WARN_EMPTY_BODY = YES;
				CLANG_WARN_ENUM_CONVERSION = YES;
				CLANG_WARN_INFINITE_RECURSION = YES;
				CLANG_WARN_INT_CONVERSION = YES;
				CLANG_WARN_NON_LITERAL_NULL_CONVERSION = YES;
				CLANG_WARN_OBJC_IMPLICIT_RETAIN_SELF = YES;
				CLANG_WARN_OBJC_LITERAL_CONVERSION = YES;
				CLANG_WARN_OBJC_ROOT_CLASS = YES_ERROR;
				CLANG_WARN_QUOTED_INCLUDE_IN_FRAMEWORK_HEADER = YES;
				CLANG_WARN_RANGE_LOOP_ANALYSIS = YES;
				CLANG_WARN_STRICT_PROTOTYPES = YES;
				CLANG_WARN_SUSPICIOUS_MOVE = YES;
				CLANG_WARN_UNGUARDED_AVAILABILITY = YES_AGGRESSIVE;
				CLANG_WARN_UNREACHABLE_CODE = YES;
				CLANG_WARN__DUPLICATE_METHOD_MATCH = YES;
				COPY_PHASE_STRIP = NO;
				DEBUG_INFORMATION_FORMAT = "dwarf-with-dsym";
				ENABLE_NS_ASSERTIONS = NO;
				ENABLE_STRICT_OBJC_MSGSEND = YES;
				GCC_C_LANGUAGE_STANDARD = gnu11;
				GCC_NO_COMMON_BLOCKS = YES;
				GCC_WARN_64_TO_32_BIT_CONVERSION = YES;
				GCC_WARN_ABOUT_RETURN_TYPE = YES_ERROR;
				GCC_WARN_UNDECLARED_SELECTOR = YES;
				GCC_WARN_UNINITIALIZED_AUTOS = YES_AGGRESSIVE;
				GCC_WARN_UNUSED_FUNCTION = YES;
				GCC_WARN_UNUSED_VARIABLE = YES;
				IPHONEOS_DEPLOYMENT_TARGET = 14.4;
				MTL_ENABLE_DEBUG_INFO = NO;
				MTL_FAST_MATH = YES;
				SDKROOT = iphoneos;
				SWIFT_COMPILATION_MODE = wholemodule;
				SWIFT_OPTIMIZATION_LEVEL = "-O";
				VALIDATE_PRODUCT = YES;
			};
			name = Release;
		};
		EB8A1A5525FFB03B006DA8CE /* Debug */ = {
			isa = XCBuildConfiguration;
			buildSettings = {
				ASSETCATALOG_COMPILER_APPICON_NAME = AppIcon;
				ASSETCATALOG_COMPILER_GLOBAL_ACCENT_COLOR_NAME = AccentColor;
				CODE_SIGN_STYLE = Automatic;
				DEVELOPMENT_ASSET_PATHS = "\"TheRestaurant/Preview Content\"";
				ENABLE_PREVIEWS = YES;
				INFOPLIST_FILE = TheRestaurant/Info.plist;
				IPHONEOS_DEPLOYMENT_TARGET = 14.0;
				LD_RUNPATH_SEARCH_PATHS = (
					"$(inherited)",
					"@executable_path/Frameworks",
				);
				PRODUCT_BUNDLE_IDENTIFIER = me.org.inspiration.TheRestaurant;
				PRODUCT_NAME = "$(TARGET_NAME)";
				SWIFT_VERSION = 5.0;
				TARGETED_DEVICE_FAMILY = "1,2";
			};
			name = Debug;
		};
		EB8A1A5625FFB03B006DA8CE /* Release */ = {
			isa = XCBuildConfiguration;
			buildSettings = {
				ASSETCATALOG_COMPILER_APPICON_NAME = AppIcon;
				ASSETCATALOG_COMPILER_GLOBAL_ACCENT_COLOR_NAME = AccentColor;
				CODE_SIGN_STYLE = Automatic;
				DEVELOPMENT_ASSET_PATHS = "\"TheRestaurant/Preview Content\"";
				ENABLE_PREVIEWS = YES;
				INFOPLIST_FILE = TheRestaurant/Info.plist;
				IPHONEOS_DEPLOYMENT_TARGET = 14.0;
				LD_RUNPATH_SEARCH_PATHS = (
					"$(inherited)",
					"@executable_path/Frameworks",
				);
				PRODUCT_BUNDLE_IDENTIFIER = me.org.inspiration.TheRestaurant;
				PRODUCT_NAME = "$(TARGET_NAME)";
				SWIFT_VERSION = 5.0;
				TARGETED_DEVICE_FAMILY = "1,2";
			};
			name = Release;
		};
/* End XCBuildConfiguration section */

/* Begin XCConfigurationList section */
		EB8A1A4025FFB03A006DA8CE /* Build configuration list for PBXProject "TheRestaurant" */ = {
			isa = XCConfigurationList;
			buildConfigurations = (
				EB8A1A5225FFB03B006DA8CE /* Debug */,
				EB8A1A5325FFB03B006DA8CE /* Release */,
			);
			defaultConfigurationIsVisible = 0;
			defaultConfigurationName = Release;
		};
		EB8A1A5425FFB03B006DA8CE /* Build configuration list for PBXNativeTarget "TheRestaurant" */ = {
			isa = XCConfigurationList;
			buildConfigurations = (
				EB8A1A5525FFB03B006DA8CE /* Debug */,
				EB8A1A5625FFB03B006DA8CE /* Release */,
			);
			defaultConfigurationIsVisible = 0;
			defaultConfigurationName = Release;
		};
/* End XCConfigurationList section */
	};
	rootObject = EB8A1A3D25FFB03A006DA8CE /* Project object */;
}
